
Microsoft Visual Studio Solution File, Format Version 12.00
# Visual Studio 14
VisualStudioVersion = 14.0.24720.0
MinimumVisualStudioVersion = 10.0.40219.1
Project("{FAE04EC0-301F-11D3-BF4B-00C04F79EFBC}") = "Taskify.Droid", "Taskify\Taskify.Droid\Taskify.Droid.csproj", "{3E6D0D8D-0FF8-4C94-BC75-3D334203A98A}"
EndProject
Project("{FAE04EC0-301F-11D3-BF4B-00C04F79EFBC}") = "Taskify.iOS", "Taskify\Taskify.iOS\Taskify.iOS.csproj", "{07DD2952-FD08-43E3-A86D-EA63371B48C8}"
EndProject
Project("{D954291E-2A0B-460D-934E-DC6B0785DB48}") = "Taskify", "Taskify\Taskify\Taskify.shproj", "{F79BAA30-01CF-4FD0-8EAC-147D0487A442}"
EndProject
Global
	GlobalSection(SharedMSBuildProjectFiles) = preSolution
		Taskify\Taskify\Taskify.projitems*{f79baa30-01cf-4fd0-8eac-147d0487a442}*SharedItemsImports = 13
		Taskify\Taskify\Taskify.projitems*{3e6d0d8d-0ff8-4c94-bc75-3d334203a98a}*SharedItemsImports = 4
		Taskify\Taskify\Taskify.projitems*{07dd2952-fd08-43e3-a86d-ea63371b48c8}*SharedItemsImports = 4
	EndGlobalSection
	GlobalSection(SolutionConfigurationPlatforms) = preSolution
		Ad-Hoc|Any CPU = Ad-Hoc|Any CPU
		Ad-Hoc|ARM = Ad-Hoc|ARM
		Ad-Hoc|iPhone = Ad-Hoc|iPhone
		Ad-Hoc|iPhoneSimulator = Ad-Hoc|iPhoneSimulator
		Ad-Hoc|x64 = Ad-Hoc|x64
		Ad-Hoc|x86 = Ad-Hoc|x86
		AppStore|Any CPU = AppStore|Any CPU
		AppStore|ARM = AppStore|ARM
		AppStore|iPhone = AppStore|iPhone
		AppStore|iPhoneSimulator = AppStore|iPhoneSimulator
		AppStore|x64 = AppStore|x64
		AppStore|x86 = AppStore|x86
		Debug|Any CPU = Debug|Any CPU
		Debug|ARM = Debug|ARM
		Debug|iPhone = Debug|iPhone
		Debug|iPhoneSimulator = Debug|iPhoneSimulator
		Debug|x64 = Debug|x64
		Debug|x86 = Debug|x86
		Release|Any CPU = Release|Any CPU
		Release|ARM = Release|ARM
		Release|iPhone = Release|iPhone
		Release|iPhoneSimulator = Release|iPhoneSimulator
		Release|x64 = Release|x64
		Release|x86 = Release|x86
	EndGlobalSection
	GlobalSection(ProjectConfigurationPlatforms) = postSolution
		{3E6D0D8D-0FF8-4C94-BC75-3D334203A98A}.Ad-Hoc|Any CPU.ActiveCfg = Release|Any CPU
		{3E6D0D8D-0FF8-4C94-BC75-3D334203A98A}.Ad-Hoc|Any CPU.Build.0 = Release|Any CPU
		{3E6D0D8D-0FF8-4C94-BC75-3D334203A98A}.Ad-Hoc|Any CPU.Deploy.0 = Release|Any CPU
		{3E6D0D8D-0FF8-4C94-BC75-3D334203A98A}.Ad-Hoc|ARM.ActiveCfg = Release|Any CPU
		{3E6D0D8D-0FF8-4C94-BC75-3D334203A98A}.Ad-Hoc|ARM.Build.0 = Release|Any CPU
		{3E6D0D8D-0FF8-4C94-BC75-3D334203A98A}.Ad-Hoc|ARM.Deploy.0 = Release|Any CPU
		{3E6D0D8D-0FF8-4C94-BC75-3D334203A98A}.Ad-Hoc|iPhone.ActiveCfg = Release|Any CPU
		{3E6D0D8D-0FF8-4C94-BC75-3D334203A98A}.Ad-Hoc|iPhone.Build.0 = Release|Any CPU
		{3E6D0D8D-0FF8-4C94-BC75-3D334203A98A}.Ad-Hoc|iPhone.Deploy.0 = Release|Any CPU
		{3E6D0D8D-0FF8-4C94-BC75-3D334203A98A}.Ad-Hoc|iPhoneSimulator.ActiveCfg = Release|Any CPU
		{3E6D0D8D-0FF8-4C94-BC75-3D334203A98A}.Ad-Hoc|iPhoneSimulator.Build.0 = Release|Any CPU
		{3E6D0D8D-0FF8-4C94-BC75-3D334203A98A}.Ad-Hoc|iPhoneSimulator.Deploy.0 = Release|Any CPU
		{3E6D0D8D-0FF8-4C94-BC75-3D334203A98A}.Ad-Hoc|x64.ActiveCfg = Release|Any CPU
		{3E6D0D8D-0FF8-4C94-BC75-3D334203A98A}.Ad-Hoc|x64.Build.0 = Release|Any CPU
		{3E6D0D8D-0FF8-4C94-BC75-3D334203A98A}.Ad-Hoc|x64.Deploy.0 = Release|Any CPU
		{3E6D0D8D-0FF8-4C94-BC75-3D334203A98A}.Ad-Hoc|x86.ActiveCfg = Release|Any CPU
		{3E6D0D8D-0FF8-4C94-BC75-3D334203A98A}.Ad-Hoc|x86.Build.0 = Release|Any CPU
		{3E6D0D8D-0FF8-4C94-BC75-3D334203A98A}.Ad-Hoc|x86.Deploy.0 = Release|Any CPU
		{3E6D0D8D-0FF8-4C94-BC75-3D334203A98A}.AppStore|Any CPU.ActiveCfg = Release|Any CPU
		{3E6D0D8D-0FF8-4C94-BC75-3D334203A98A}.AppStore|Any CPU.Build.0 = Release|Any CPU
		{3E6D0D8D-0FF8-4C94-BC75-3D334203A98A}.AppStore|Any CPU.Deploy.0 = Release|Any CPU
		{3E6D0D8D-0FF8-4C94-BC75-3D334203A98A}.AppStore|ARM.ActiveCfg = Release|Any CPU
		{3E6D0D8D-0FF8-4C94-BC75-3D334203A98A}.AppStore|ARM.Build.0 = Release|Any CPU
		{3E6D0D8D-0FF8-4C94-BC75-3D334203A98A}.AppStore|ARM.Deploy.0 = Release|Any CPU
		{3E6D0D8D-0FF8-4C94-BC75-3D334203A98A}.AppStore|iPhone.ActiveCfg = Release|Any CPU
		{3E6D0D8D-0FF8-4C94-BC75-3D334203A98A}.AppStore|iPhone.Build.0 = Release|Any CPU
		{3E6D0D8D-0FF8-4C94-BC75-3D334203A98A}.AppStore|iPhone.Deploy.0 = Release|Any CPU
		{3E6D0D8D-0FF8-4C94-BC75-3D334203A98A}.AppStore|iPhoneSimulator.ActiveCfg = Release|Any CPU
		{3E6D0D8D-0FF8-4C94-BC75-3D334203A98A}.AppStore|iPhoneSimulator.Build.0 = Release|Any CPU
		{3E6D0D8D-0FF8-4C94-BC75-3D334203A98A}.AppStore|iPhoneSimulator.Deploy.0 = Release|Any CPU
		{3E6D0D8D-0FF8-4C94-BC75-3D334203A98A}.AppStore|x64.ActiveCfg = Release|Any CPU
		{3E6D0D8D-0FF8-4C94-BC75-3D334203A98A}.AppStore|x64.Build.0 = Release|Any CPU
		{3E6D0D8D-0FF8-4C94-BC75-3D334203A98A}.AppStore|x64.Deploy.0 = Release|Any CPU
		{3E6D0D8D-0FF8-4C94-BC75-3D334203A98A}.AppStore|x86.ActiveCfg = Release|Any CPU
		{3E6D0D8D-0FF8-4C94-BC75-3D334203A98A}.AppStore|x86.Build.0 = Release|Any CPU
		{3E6D0D8D-0FF8-4C94-BC75-3D334203A98A}.AppStore|x86.Deploy.0 = Release|Any CPU
		{3E6D0D8D-0FF8-4C94-BC75-3D334203A98A}.Debug|Any CPU.ActiveCfg = Debug|Any CPU
		{3E6D0D8D-0FF8-4C94-BC75-3D334203A98A}.Debug|Any CPU.Build.0 = Debug|Any CPU
		{3E6D0D8D-0FF8-4C94-BC75-3D334203A98A}.Debug|Any CPU.Deploy.0 = Debug|Any CPU
		{3E6D0D8D-0FF8-4C94-BC75-3D334203A98A}.Debug|ARM.ActiveCfg = Debug|Any CPU
		{3E6D0D8D-0FF8-4C94-BC75-3D334203A98A}.Debug|ARM.Build.0 = Debug|Any CPU
		{3E6D0D8D-0FF8-4C94-BC75-3D334203A98A}.Debug|ARM.Deploy.0 = Debug|Any CPU
		{3E6D0D8D-0FF8-4C94-BC75-3D334203A98A}.Debug|iPhone.ActiveCfg = Debug|Any CPU
		{3E6D0D8D-0FF8-4C94-BC75-3D334203A98A}.Debug|iPhone.Build.0 = Debug|Any CPU
		{3E6D0D8D-0FF8-4C94-BC75-3D334203A98A}.Debug|iPhone.Deploy.0 = Debug|Any CPU
		{3E6D0D8D-0FF8-4C94-BC75-3D334203A98A}.Debug|iPhoneSimulator.ActiveCfg = Debug|Any CPU
		{3E6D0D8D-0FF8-4C94-BC75-3D334203A98A}.Debug|iPhoneSimulator.Build.0 = Debug|Any CPU
		{3E6D0D8D-0FF8-4C94-BC75-3D334203A98A}.Debug|iPhoneSimulator.Deploy.0 = Debug|Any CPU
		{3E6D0D8D-0FF8-4C94-BC75-3D334203A98A}.Debug|x64.ActiveCfg = Debug|Any CPU
		{3E6D0D8D-0FF8-4C94-BC75-3D334203A98A}.Debug|x64.Build.0 = Debug|Any CPU
		{3E6D0D8D-0FF8-4C94-BC75-3D334203A98A}.Debug|x64.Deploy.0 = Debug|Any CPU
		{3E6D0D8D-0FF8-4C94-BC75-3D334203A98A}.Debug|x86.ActiveCfg = Debug|Any CPU
		{3E6D0D8D-0FF8-4C94-BC75-3D334203A98A}.Debug|x86.Build.0 = Debug|Any CPU
		{3E6D0D8D-0FF8-4C94-BC75-3D334203A98A}.Debug|x86.Deploy.0 = Debug|Any CPU
		{3E6D0D8D-0FF8-4C94-BC75-3D334203A98A}.Release|Any CPU.ActiveCfg = Release|Any CPU
		{3E6D0D8D-0FF8-4C94-BC75-3D334203A98A}.Release|Any CPU.Build.0 = Release|Any CPU
		{3E6D0D8D-0FF8-4C94-BC75-3D334203A98A}.Release|Any CPU.Deploy.0 = Release|Any CPU
		{3E6D0D8D-0FF8-4C94-BC75-3D334203A98A}.Release|ARM.ActiveCfg = Release|Any CPU
		{3E6D0D8D-0FF8-4C94-BC75-3D334203A98A}.Release|ARM.Build.0 = Release|Any CPU
		{3E6D0D8D-0FF8-4C94-BC75-3D334203A98A}.Release|ARM.Deploy.0 = Release|Any CPU
		{3E6D0D8D-0FF8-4C94-BC75-3D334203A98A}.Release|iPhone.ActiveCfg = Release|Any CPU
		{3E6D0D8D-0FF8-4C94-BC75-3D334203A98A}.Release|iPhone.Build.0 = Release|Any CPU
		{3E6D0D8D-0FF8-4C94-BC75-3D334203A98A}.Release|iPhone.Deploy.0 = Release|Any CPU
		{3E6D0D8D-0FF8-4C94-BC75-3D334203A98A}.Release|iPhoneSimulator.ActiveCfg = Release|Any CPU
		{3E6D0D8D-0FF8-4C94-BC75-3D334203A98A}.Release|iPhoneSimulator.Build.0 = Release|Any CPU
		{3E6D0D8D-0FF8-4C94-BC75-3D334203A98A}.Release|iPhoneSimulator.Deploy.0 = Release|Any CPU
		{3E6D0D8D-0FF8-4C94-BC75-3D334203A98A}.Release|x64.ActiveCfg = Release|Any CPU
		{3E6D0D8D-0FF8-4C94-BC75-3D334203A98A}.Release|x64.Build.0 = Release|Any CPU
		{3E6D0D8D-0FF8-4C94-BC75-3D334203A98A}.Release|x64.Deploy.0 = Release|Any CPU
		{3E6D0D8D-0FF8-4C94-BC75-3D334203A98A}.Release|x86.ActiveCfg = Release|Any CPU
		{3E6D0D8D-0FF8-4C94-BC75-3D334203A98A}.Release|x86.Build.0 = Release|Any CPU
		{3E6D0D8D-0FF8-4C94-BC75-3D334203A98A}.Release|x86.Deploy.0 = Release|Any CPU
		{07DD2952-FD08-43E3-A86D-EA63371B48C8}.Ad-Hoc|Any CPU.ActiveCfg = Ad-Hoc|iPhone
		{07DD2952-FD08-43E3-A86D-EA63371B48C8}.Ad-Hoc|ARM.ActiveCfg = Ad-Hoc|iPhone
		{07DD2952-FD08-43E3-A86D-EA63371B48C8}.Ad-Hoc|iPhone.ActiveCfg = Ad-Hoc|iPhone
		{07DD2952-FD08-43E3-A86D-EA63371B48C8}.Ad-Hoc|iPhone.Build.0 = Ad-Hoc|iPhone
		{07DD2952-FD08-43E3-A86D-EA63371B48C8}.Ad-Hoc|iPhoneSimulator.ActiveCfg = Ad-Hoc|iPhoneSimulator
		{07DD2952-FD08-43E3-A86D-EA63371B48C8}.Ad-Hoc|iPhoneSimulator.Build.0 = Ad-Hoc|iPhoneSimulator
		{07DD2952-FD08-43E3-A86D-EA63371B48C8}.Ad-Hoc|x64.ActiveCfg = Ad-Hoc|iPhone
		{07DD2952-FD08-43E3-A86D-EA63371B48C8}.Ad-Hoc|x86.ActiveCfg = Ad-Hoc|iPhone
		{07DD2952-FD08-43E3-A86D-EA63371B48C8}.AppStore|Any CPU.ActiveCfg = AppStore|iPhone
		{07DD2952-FD08-43E3-A86D-EA63371B48C8}.AppStore|ARM.ActiveCfg = AppStore|iPhone
		{07DD2952-FD08-43E3-A86D-EA63371B48C8}.AppStore|iPhone.ActiveCfg = AppStore|iPhone
		{07DD2952-FD08-43E3-A86D-EA63371B48C8}.AppStore|iPhone.Build.0 = AppStore|iPhone
		{07DD2952-FD08-43E3-A86D-EA63371B48C8}.AppStore|iPhoneSimulator.ActiveCfg = AppStore|iPhoneSimulator
		{07DD2952-FD08-43E3-A86D-EA63371B48C8}.AppStore|iPhoneSimulator.Build.0 = AppStore|iPhoneSimulator
		{07DD2952-FD08-43E3-A86D-EA63371B48C8}.AppStore|x64.ActiveCfg = AppStore|iPhone
		{07DD2952-FD08-43E3-A86D-EA63371B48C8}.AppStore|x86.ActiveCfg = AppStore|iPhone
		{07DD2952-FD08-43E3-A86D-EA63371B48C8}.Debug|Any CPU.ActiveCfg = Debug|iPhone
		{07DD2952-FD08-43E3-A86D-EA63371B48C8}.Debug|ARM.ActiveCfg = Debug|iPhone
		{07DD2952-FD08-43E3-A86D-EA63371B48C8}.Debug|iPhone.ActiveCfg = Debug|iPhone
		{07DD2952-FD08-43E3-A86D-EA63371B48C8}.Debug|iPhone.Build.0 = Debug|iPhone
		{07DD2952-FD08-43E3-A86D-EA63371B48C8}.Debug|iPhoneSimulator.ActiveCfg = Debug|iPhoneSimulator
		{07DD2952-FD08-43E3-A86D-EA63371B48C8}.Debug|iPhoneSimulator.Build.0 = Debug|iPhoneSimulator
		{07DD2952-FD08-43E3-A86D-EA63371B48C8}.Debug|x64.ActiveCfg = Debug|iPhone
		{07DD2952-FD08-43E3-A86D-EA63371B48C8}.Debug|x86.ActiveCfg = Debug|iPhone
		{07DD2952-FD08-43E3-A86D-EA63371B48C8}.Release|Any CPU.ActiveCfg = Release|iPhone
		{07DD2952-FD08-43E3-A86D-EA63371B48C8}.Release|ARM.ActiveCfg = Release|iPhone
		{07DD2952-FD08-43E3-A86D-EA63371B48C8}.Release|iPhone.ActiveCfg = Release|iPhone
		{07DD2952-FD08-43E3-A86D-EA63371B48C8}.Release|iPhone.Build.0 = Release|iPhone
		{07DD2952-FD08-43E3-A86D-EA63371B48C8}.Release|iPhoneSimulator.ActiveCfg = Release|iPhoneSimulator
		{07DD2952-FD08-43E3-A86D-EA63371B48C8}.Release|iPhoneSimulator.Build.0 = Release|iPhoneSimulator
		{07DD2952-FD08-43E3-A86D-EA63371B48C8}.Release|x64.ActiveCfg = Release|iPhone
		{07DD2952-FD08-43E3-A86D-EA63371B48C8}.Release|x86.ActiveCfg = Release|iPhone
	EndGlobalSection
	GlobalSection(SolutionProperties) = preSolution
		HideSolutionNode = FALSE
	EndGlobalSection
EndGlobal
